// !$*UTF8*$!
{
	archiveVersion = 1;
	classes = {
	};
	objectVersion = 56;
	objects = {

/* Begin PBXBuildFile section */
		AA000000000000000000AA00 /* main.swift in Sources */ = {isa = PBXBuildFile; fileRef = AA000000000000000000AAFF /* main.swift */; };
		AA000000000000000000AA02 /* AppDelegate.swift in Sources */ = {isa = PBXBuildFile; fileRef = AA000000000000000000AA01 /* AppDelegate.swift */; };
		AA000000000000000000AA04 /* StatusMenuController.swift in Sources */ = {isa = PBXBuildFile; fileRef = AA000000000000000000AA03 /* StatusMenuController.swift */; };
		AA000000000000000000AA06 /* VolumeManager.swift in Sources */ = {isa = PBXBuildFile; fileRef = AA000000000000000000AA05 /* VolumeManager.swift */; };
		AA000000000000000000AA08 /* CleanupManager.swift in Sources */ = {isa = PBXBuildFile; fileRef = AA000000000000000000AA07 /* CleanupManager.swift */; };
		AA000000000000000000AA0A /* SettingsManager.swift in Sources */ = {isa = PBXBuildFile; fileRef = AA000000000000000000AA09 /* SettingsManager.swift */; };
		AA000000000000000000AA0C /* SettingsView.swift in Sources */ = {isa = PBXBuildFile; fileRef = AA000000000000000000AA0B /* SettingsView.swift */; };
		AA000000000000000000AA0F /* Assets.xcassets in Resources */ = {isa = PBXBuildFile; fileRef = AA000000000000000000AA0E /* Assets.xcassets */; };
		AA000000000000000000AA11 /* ScanResultView.swift in Sources */ = {isa = PBXBuildFile; fileRef = AA000000000000000000AA10 /* ScanResultView.swift */; };
		AA000000000000000000AA16 /* Localizable.strings in Resources */ = {isa = PBXBuildFile; fileRef = AA000000000000000000AA15 /* Localizable.strings */; };
		AA000000000000000000FF11 /* DiskArbitration.framework in Frameworks */ = {isa = PBXBuildFile; fileRef = AA000000000000000000FF10 /* DiskArbitration.framework */; };
/* End PBXBuildFile section */

/* Begin PBXFileReference section */
		AA000000000000000000AA01 /* AppDelegate.swift */ = {isa = PBXFileReference; lastKnownFileType = sourcecode.swift; path = AppDelegate.swift; sourceTree = "<group>"; };
		AA000000000000000000AA03 /* StatusMenuController.swift */ = {isa = PBXFileReference; lastKnownFileType = sourcecode.swift; path = StatusMenuController.swift; sourceTree = "<group>"; };
		AA000000000000000000AA05 /* VolumeManager.swift */ = {isa = PBXFileReference; lastKnownFileType = sourcecode.swift; path = VolumeManager.swift; sourceTree = "<group>"; };
		AA000000000000000000AA07 /* CleanupManager.swift */ = {isa = PBXFileReference; lastKnownFileType = sourcecode.swift; path = CleanupManager.swift; sourceTree = "<group>"; };
		AA000000000000000000AA09 /* SettingsManager.swift */ = {isa = PBXFileReference; lastKnownFileType = sourcecode.swift; path = SettingsManager.swift; sourceTree = "<group>"; };
		AA000000000000000000AA0B /* SettingsView.swift */ = {isa = PBXFileReference; lastKnownFileType = sourcecode.swift; path = SettingsView.swift; sourceTree = "<group>"; };
		AA000000000000000000AA0D /* Info.plist */ = {isa = PBXFileReference; lastKnownFileType = text.plist.xml; path = Info.plist; sourceTree = "<group>"; };
		AA000000000000000000AA0E /* Assets.xcassets */ = {isa = PBXFileReference; lastKnownFileType = folder.assetcatalog; path = Assets.xcassets; sourceTree = "<group>"; };
		AA000000000000000000AA10 /* ScanResultView.swift */ = {isa = PBXFileReference; lastKnownFileType = sourcecode.swift; path = ScanResultView.swift; sourceTree = "<group>"; };
		AA000000000000000000AA17 /* en */ = {isa = PBXFileReference; lastKnownFileType = text.plist.strings; name = en; path = en.lproj/Localizable.strings; sourceTree = "<group>"; };
		AA000000000000000000AA18 /* ru */ = {isa = PBXFileReference; lastKnownFileType = text.plist.strings; name = ru; path = ru.lproj/Localizable.strings; sourceTree = "<group>"; };
		AA000000000000000000AAFF /* main.swift */ = {isa = PBXFileReference; lastKnownFileType = sourcecode.swift; path = main.swift; sourceTree = "<group>"; };
		AA000000000000000000BB01 /* Ejecutor.app */ = {isa = PBXFileReference; explicitFileType = wrapper.application; includeInIndex = 0; path = Ejecutor.app; sourceTree = BUILT_PRODUCTS_DIR; };
		AA000000000000000000FF10 /* DiskArbitration.framework */ = {isa = PBXFileReference; lastKnownFileType = wrapper.framework; name = DiskArbitration.framework; path = System/Library/Frameworks/DiskArbitration.framework; sourceTree = SDKROOT; };
/* End PBXFileReference section */

/* Begin PBXFrameworksBuildPhase section */
		AA000000000000000000DD03 /* Frameworks */ = {
			isa = PBXFrameworksBuildPhase;
			buildActionMask = 2147483647;
			files = (
				AA000000000000000000FF11 /* DiskArbitration.framework in Frameworks */,
			);
			runOnlyForDeploymentPostprocessing = 0;
		};
/* End PBXFrameworksBuildPhase section */

/* Begin PBXGroup section */
		8E4BEF4A2F8906FD00FF78F4 /* Recovered References */ = {
			isa = PBXGroup;
			children = (
				AA000000000000000000FF10 /* DiskArbitration.framework */,
			);
			name = "Recovered References";
			sourceTree = "<group>";
		};
		AA000000000000000000CC01 = {
			isa = PBXGroup;
			children = (
				AA000000000000000000CC02 /* Ejecutor */,
				AA000000000000000000CC03 /* Products */,
				8E4BEF4A2F8906FD00FF78F4 /* Recovered References */,
			);
			sourceTree = "<group>";
		};
		AA000000000000000000CC02 /* Ejecutor */ = {
			isa = PBXGroup;
			children = (
				AA000000000000000000AAFF /* main.swift */,
				AA000000000000000000AA01 /* AppDelegate.swift */,
				AA000000000000000000AA03 /* StatusMenuController.swift */,
				AA000000000000000000AA05 /* VolumeManager.swift */,
				AA000000000000000000AA07 /* CleanupManager.swift */,
				AA000000000000000000AA09 /* SettingsManager.swift */,
				AA000000000000000000AA0B /* SettingsView.swift */,
				AA000000000000000000AA10 /* ScanResultView.swift */,
				AA000000000000000000AA0D /* Info.plist */,
				AA000000000000000000AA0E /* Assets.xcassets */,
				AA000000000000000000AA15 /* Localizable.strings */,
			);
			path = Ejecutor;
			sourceTree = "<group>";
		};
		AA000000000000000000CC03 /* Products */ = {
			isa = PBXGroup;
			children = (
				AA000000000000000000BB01 /* Ejecutor.app */,
			);
			name = Products;
			sourceTree = "<group>";
		};
/* End PBXGroup section */

/* Begin PBXNativeTarget section */
		AA000000000000000000EE01 /* Ejecutor */ = {
			isa = PBXNativeTarget;
			buildConfigurationList = AA000000000000000000FF03 /* Build configuration list for PBXNativeTarget "Ejecutor" */;
			buildPhases = (
				AA000000000000000000DD01 /* Sources */,
				AA000000000000000000DD03 /* Frameworks */,
				AA000000000000000000DD04 /* Resources */,
			);
			buildRules = (
			);
			dependencies = (
			);
			name = Ejecutor;
			productName = Ejecutor;
			productReference = AA000000000000000000BB01 /* Ejecutor.app */;
			productType = "com.apple.product-type.application";
		};
/* End PBXNativeTarget section */

/* Begin PBXProject section */
		AA000000000000000000FF01 /* Project object */ = {
			isa = PBXProject;
			attributes = {
				BuildIndependentTargetsInParallel = 1;
				LastSwiftUpdateCheck = 1540;
				LastUpgradeCheck = 1540;
				TargetAttributes = {
					AA000000000000000000EE01 = {
						CreatedOnToolsVersion = 15.4;
					};
				};
			};
			buildConfigurationList = AA000000000000000000FF02 /* Build configuration list for PBXProject "Ejecutor" */;
			compatibilityVersion = "Xcode 14.0";
			developmentRegion = en;
			hasScannedForEncodings = 0;
			knownRegions = (
				en,
				Base,
				ru,
			);
			mainGroup = AA000000000000000000CC01;
			productRefGroup = AA000000000000000000CC03 /* Products */;
			projectDirPath = "";
			projectRoot = "";
			targets = (
				AA000000000000000000EE01 /* Ejecutor */,
			);
		};
/* End PBXProject section */

/* Begin PBXResourcesBuildPhase section */
		AA000000000000000000DD04 /* Resources */ = {
			isa = PBXResourcesBuildPhase;
			buildActionMask = 2147483647;
			files = (
				AA000000000000000000AA0F /* Assets.xcassets in Resources */,
				AA000000000000000000AA16 /* Localizable.strings in Resources */,
			);
			runOnlyForDeploymentPostprocessing = 0;
		};
/* End PBXResourcesBuildPhase section */

/* Begin PBXSourcesBuildPhase section */
		AA000000000000000000DD01 /* Sources */ = {
			isa = PBXSourcesBuildPhase;
			buildActionMask = 2147483647;
			files = (
				AA000000000000000000AA00 /* main.swift in Sources */,
				AA000000000000000000AA02 /* AppDelegate.swift in Sources */,
				AA000000000000000000AA04 /* StatusMenuController.swift in Sources */,
				AA000000000000000000AA06 /* VolumeManager.swift in Sources */,
				AA000000000000000000AA08 /* CleanupManager.swift in Sources */,
				AA000000000000000000AA0A /* SettingsManager.swift in Sources */,
				AA000000000000000000AA0C /* SettingsView.swift in Sources */,
				AA000000000000000000AA11 /* ScanResultView.swift in Sources */,
			);
			runOnlyForDeploymentPostprocessing = 0;
		};
/* End PBXSourcesBuildPhase section */

/* Begin PBXVariantGroup section */
		AA000000000000000000AA15 /* Localizable.strings */ = {
			isa = PBXVariantGroup;
			children = (
				AA000000000000000000AA17 /* en */,
				AA000000000000000000AA18 /* ru */,
			);
			name = Localizable.strings;
			sourceTree = "<group>";
		};
/* End PBXVariantGroup section */

/* Begin XCBuildConfiguration section */
		AA000000000000000000FF04 /* Debug */ = {
			isa = XCBuildConfiguration;
			buildSettings = {
				ALWAYS_SEARCH_USER_PATHS = NO;
				CLANG_ANALYZER_NONNULL = YES;
				CLANG_ENABLE_MODULES = YES;
				CLANG_ENABLE_OBJC_ARC = YES;
				CLANG_ENABLE_OBJC_WEAK = YES;
				CLANG_WARN_BOOL_CONVERSION = YES;
				CLANG_WARN_CONSTANT_CONVERSION = YES;
				CLANG_WARN_DEPRECATED_OBJC_IMPLEMENTATIONS = YES;
				CLANG_WARN_DIRECT_OBJC_ISA_USAGE = YES_ERROR;
				CLANG_WARN_EMPTY_BODY = YES;
				CLANG_WARN_ENUM_CONVERSION = YES;
				CLANG_WARN_INFINITE_RECURSION = YES;
				CLANG_WARN_INT_CONVERSION = YES;
				CLANG_WARN_OBJC_ROOT_CLASS = YES_ERROR;
				CLANG_WARN_RANGE_LOOP_ANALYSIS = YES;
				CLANG_WARN_SUSPICIOUS_MOVE = YES;
				CLANG_WARN_UNREACHABLE_CODE = YES;
				CLANG_WARN__DUPLICATE_METHOD_MATCH = YES;
				COPY_PHASE_STRIP = NO;
				DEBUG_INFORMATION_FORMAT = dwarf;
				GCC_C_LANGUAGE_STANDARD = gnu17;
				GCC_DYNAMIC_NO_PIC = NO;
				GCC_NO_COMMON_BLOCKS = YES;
				GCC_OPTIMIZATION_LEVEL = 0;
				GCC_PREPROCESSOR_DEFINITIONS = (
					"DEBUG=1",
					"$(inherited)",
				);
				GCC_WARN_64_TO_32_BIT_CONVERSION = YES;
				GCC_WARN_ABOUT_RETURN_TYPE = YES_ERROR;
				GCC_WARN_UNINITIALIZED_AUTOS = YES_AGGRESSIVE;
				GCC_WARN_UNUSED_FUNCTION = YES;
				GCC_WARN_UNUSED_VARIABLE = YES;
				MACOSX_DEPLOYMENT_TARGET = 12.0;
				ONLY_ACTIVE_ARCH = YES;
				SDKROOT = macosx;
				SWIFT_ACTIVE_COMPILATION_CONDITIONS = DEBUG;
				SWIFT_OPTIMIZATION_LEVEL = "-Onone";
			};
			name = Debug;
		};
		AA000000000000000000FF05 /* Release */ = {
			isa = XCBuildConfiguration;
			buildSettings = {
				ALWAYS_SEARCH_USER_PATHS = NO;
				CLANG_ANALYZER_NONNULL = YES;
				CLANG_ENABLE_MODULES = YES;
				CLANG_ENABLE_OBJC_ARC = YES;
				CLANG_ENABLE_OBJC_WEAK = YES;
				CLANG_WARN_BOOL_CONVERSION = YES;
				CLANG_WARN_CONSTANT_CONVERSION = YES;
				CLANG_WARN_DEPRECATED_OBJC_IMPLEMENTATIONS = YES;
				CLANG_WARN_DIRECT_OBJC_ISA_USAGE = YES_ERROR;
				CLANG_WARN_EMPTY_BODY = YES;
				CLANG_WARN_ENUM_CONVERSION = YES;
				CLANG_WARN_INFINITE_RECURSION = YES;
				CLANG_WARN_INT_CONVERSION = YES;
				CLANG_WARN_OBJC_ROOT_CLASS = YES_ERROR;
				CLANG_WARN_RANGE_LOOP_ANALYSIS = YES;
				CLANG_WARN_SUSPICIOUS_MOVE = YES;
				CLANG_WARN_UNREACHABLE_CODE = YES;
				CLANG_WARN__DUPLICATE_METHOD_MATCH = YES;
				COPY_PHASE_STRIP = NO;
				DEBUG_INFORMATION_FORMAT = "dwarf-with-dsym";
				ENABLE_NS_ASSERTIONS = NO;
				GCC_C_LANGUAGE_STANDARD = gnu17;
				GCC_NO_COMMON_BLOCKS = YES;
				GCC_WARN_64_TO_32_BIT_CONVERSION = YES;
				GCC_WARN_ABOUT_RETURN_TYPE = YES_ERROR;
				GCC_WARN_UNINITIALIZED_AUTOS = YES_AGGRESSIVE;
				GCC_WARN_UNUSED_FUNCTION = YES;
				GCC_WARN_UNUSED_VARIABLE = YES;
				MACOSX_DEPLOYMENT_TARGET = 12.0;
				SDKROOT = macosx;
				SWIFT_COMPILATION_MODE = wholemodule;
				SWIFT_OPTIMIZATION_LEVEL = "-O";
			};
			name = Release;
		};
		AA000000000000000000FF06 /* Debug */ = {
			isa = XCBuildConfiguration;
			buildSettings = {
				ASSETCATALOG_COMPILER_APPICON_NAME = AppIcon;
				CODE_SIGN_STYLE = Automatic;
				COMBINE_HIDPI_IMAGES = YES;
				CURRENT_PROJECT_VERSION = 1;
				ENABLE_HARDENED_RUNTIME = YES;
				INFOPLIST_FILE = Ejecutor/Info.plist;
				LD_RUNPATH_SEARCH_PATHS = (
					"$(inherited)",
					"@executable_path/../Frameworks",
				);
				MARKETING_VERSION = 1.0;
				PRODUCT_BUNDLE_IDENTIFIER = com.mmag.Ejecutor;
				PRODUCT_NAME = "$(TARGET_NAME)";
				SWIFT_EMIT_LOC_STRINGS = YES;
				SWIFT_VERSION = 5.0;
			};
			name = Debug;
		};
		AA000000000000000000FF07 /* Release */ = {
			isa = XCBuildConfiguration;
			buildSettings = {
				ASSETCATALOG_COMPILER_APPICON_NAME = AppIcon;
				CODE_SIGN_STYLE = Automatic;
				COMBINE_HIDPI_IMAGES = YES;
				CURRENT_PROJECT_VERSION = 1;
				ENABLE_HARDENED_RUNTIME = YES;
				INFOPLIST_FILE = Ejecutor/Info.plist;
				LD_RUNPATH_SEARCH_PATHS = (
					"$(inherited)",
					"@executable_path/../Frameworks",
				);
				MARKETING_VERSION = 1.0;
				PRODUCT_BUNDLE_IDENTIFIER = com.mmag.Ejecutor;
				PRODUCT_NAME = "$(TARGET_NAME)";
				SWIFT_EMIT_LOC_STRINGS = YES;
				SWIFT_VERSION = 5.0;
			};
			name = Release;
		};
/* End XCBuildConfiguration section */

/* Begin XCConfigurationList section */
		AA000000000000000000FF02 /* Build configuration list for PBXProject "Ejecutor" */ = {
			isa = XCConfigurationList;
			buildConfigurations = (
				AA000000000000000000FF04 /* Debug */,
				AA000000000000000000FF05 /* Release */,
			);
			defaultConfigurationIsVisible = 0;
			defaultConfigurationName = Release;
		};
		AA000000000000000000FF03 /* Build configuration list for PBXNativeTarget "Ejecutor" */ = {
			isa = XCConfigurationList;
			buildConfigurations = (
				AA000000000000000000FF06 /* Debug */,
				AA000000000000000000FF07 /* Release */,
			);
			defaultConfigurationIsVisible = 0;
			defaultConfigurationName = Release;
		};
/* End XCConfigurationList section */
	};
	rootObject = AA000000000000000000FF01 /* Project object */;
}
